{
  "name": "recipes-application",
  "version": "1.0.0",
  "lockfileVersion": 3,
  "requires": true,
  "packages": {
    "": {
      "name": "stateless-server-application",
      "version": "1.0.0",
      "license": "ISC",
      "dependencies": {
        "recipes-api": "file:../recipes-api"
      }
    },
    "../recipes-api": {
      "version": "1.0.0",
      "license": "ISC",
      "dependencies": {
        "superagent": "^8.0.9"
      }
    },
    "node_modules/recipes-api": {
      "resolved": "../recipes-api",
      "link": true
    }
  }
}
